
Microsoft Visual Studio Solution File, Format Version 12.00
# Visual Studio Version 17
VisualStudioVersion = 17.10.35122.118
MinimumVisualStudioVersion = 10.0.40219.1
Project("{FAE04EC0-301F-11D3-BF4B-00C04F79EFBC}") = "Task-Manager", "Task-Manager\Task-Manager.csproj", "{DF1AB45A-B185-447D-9555-0262EFBB3BF8}"
EndProject
Project("{FAE04EC0-301F-11D3-BF4B-00C04F79EFBC}") = "Task-Manager.Test", "Task-Manager.Test\Task-Manager.Test.csproj", "{EE945284-DAF4-4E0A-802C-DFD611C6ACC1}"
EndProject
Global
	GlobalSection(SolutionConfigurationPlatforms) = preSolution
		Debug|Any CPU = Debug|Any CPU
		Release|Any CPU = Release|Any CPU
	EndGlobalSection
	GlobalSection(ProjectConfigurationPlatforms) = postSolution
		{DF1AB45A-B185-447D-9555-0262EFBB3BF8}.Debug|Any CPU.ActiveCfg = Debug|Any CPU
		{DF1AB45A-B185-447D-9555-0262EFBB3BF8}.Debug|Any CPU.Build.0 = Debug|Any CPU
		{DF1AB45A-B185-447D-9555-0262EFBB3BF8}.Release|Any CPU.ActiveCfg = Release|Any CPU
		{DF1AB45A-B185-447D-9555-0262EFBB3BF8}.Release|Any CPU.Build.0 = Release|Any CPU
		{EE945284-DAF4-4E0A-802C-DFD611C6ACC1}.Debug|Any CPU.ActiveCfg = Debug|Any CPU
		{EE945284-DAF4-4E0A-802C-DFD611C6ACC1}.Debug|Any CPU.Build.0 = Debug|Any CPU
		{EE945284-DAF4-4E0A-802C-DFD611C6ACC1}.Release|Any CPU.ActiveCfg = Release|Any CPU
		{EE945284-DAF4-4E0A-802C-DFD611C6ACC1}.Release|Any CPU.Build.0 = Release|Any CPU
	EndGlobalSection
	GlobalSection(SolutionProperties) = preSolution
		HideSolutionNode = FALSE
	EndGlobalSection
	GlobalSection(ExtensibilityGlobals) = postSolution
		SolutionGuid = {F652704C-7004-4151-8C1F-CF088E07227E}
	EndGlobalSection
EndGlobal
